
Microsoft Visual Studio Solution File, Format Version 12.00
# Visual Studio 14
VisualStudioVersion = 14.0.25123.0
MinimumVisualStudioVersion = 10.0.40219.1
Project("{FAE04EC0-301F-11D3-BF4B-00C04F79EFBC}") = "Tests", "Tests\Tests.csproj", "{ED0210D7-0149-4A00-9FA6-E281893A6B09}"
EndProject
Project("{FAE04EC0-301F-11D3-BF4B-00C04F79EFBC}") = "Core", "Core\Core.csproj", "{4CB272C0-BC3F-42B7-8BE9-F77E2C145AA1}"
EndProject
Project("{FAE04EC0-301F-11D3-BF4B-00C04F79EFBC}") = "Core.Impl", "Core.Impl\Core.Impl.csproj", "{5A3EFADD-CA94-4212-9764-7CD66AC84CF9}"
EndProject
Project("{FAE04EC0-301F-11D3-BF4B-00C04F79EFBC}") = "Tests.Core", "Tests.Core\Tests.Core.csproj", "{FE2C483A-07A4-4BF2-B89C-23CC2CDAC31D}"
EndProject
Global
	GlobalSection(SolutionConfigurationPlatforms) = preSolution
		Debug|Any CPU = Debug|Any CPU
		Release|Any CPU = Release|Any CPU
	EndGlobalSection
	GlobalSection(ProjectConfigurationPlatforms) = postSolution
		{ED0210D7-0149-4A00-9FA6-E281893A6B09}.Debug|Any CPU.ActiveCfg = Debug|Any CPU
		{ED0210D7-0149-4A00-9FA6-E281893A6B09}.Debug|Any CPU.Build.0 = Debug|Any CPU
		{ED0210D7-0149-4A00-9FA6-E281893A6B09}.Release|Any CPU.ActiveCfg = Release|Any CPU
		{ED0210D7-0149-4A00-9FA6-E281893A6B09}.Release|Any CPU.Build.0 = Release|Any CPU
		{4CB272C0-BC3F-42B7-8BE9-F77E2C145AA1}.Debug|Any CPU.ActiveCfg = Debug|Any CPU
		{4CB272C0-BC3F-42B7-8BE9-F77E2C145AA1}.Debug|Any CPU.Build.0 = Debug|Any CPU
		{4CB272C0-BC3F-42B7-8BE9-F77E2C145AA1}.Release|Any CPU.ActiveCfg = Release|Any CPU
		{4CB272C0-BC3F-42B7-8BE9-F77E2C145AA1}.Release|Any CPU.Build.0 = Release|Any CPU
		{5A3EFADD-CA94-4212-9764-7CD66AC84CF9}.Debug|Any CPU.ActiveCfg = Debug|Any CPU
		{5A3EFADD-CA94-4212-9764-7CD66AC84CF9}.Debug|Any CPU.Build.0 = Debug|Any CPU
		{5A3EFADD-CA94-4212-9764-7CD66AC84CF9}.Release|Any CPU.ActiveCfg = Release|Any CPU
		{5A3EFADD-CA94-4212-9764-7CD66AC84CF9}.Release|Any CPU.Build.0 = Release|Any CPU
		{FE2C483A-07A4-4BF2-B89C-23CC2CDAC31D}.Debug|Any CPU.ActiveCfg = Debug|Any CPU
		{FE2C483A-07A4-4BF2-B89C-23CC2CDAC31D}.Debug|Any CPU.Build.0 = Debug|Any CPU
		{FE2C483A-07A4-4BF2-B89C-23CC2CDAC31D}.Release|Any CPU.ActiveCfg = Release|Any CPU
		{FE2C483A-07A4-4BF2-B89C-23CC2CDAC31D}.Release|Any CPU.Build.0 = Release|Any CPU
	EndGlobalSection
	GlobalSection(SolutionProperties) = preSolution
		HideSolutionNode = FALSE
	EndGlobalSection
EndGlobal
